// !$*UTF8*$!
{
	archiveVersion = 1;
	classes = {
	};
	objectVersion = 50;
	objects = {

/* Begin PBXBuildFile section */
		8B577C3A2101DA3000355A95 /* AppDelegate.m in Sources */ = {isa = PBXBuildFile; fileRef = 8B577C392101DA3000355A95 /* AppDelegate.m */; };
		8B577C3D2101DA3000355A95 /* ViewController.m in Sources */ = {isa = PBXBuildFile; fileRef = 8B577C3C2101DA3000355A95 /* ViewController.m */; };
		8B577C402101DA3000355A95 /* Main.storyboard in Resources */ = {isa = PBXBuildFile; fileRef = 8B577C3E2101DA3000355A95 /* Main.storyboard */; };
		8B577C422101DA3600355A95 /* Assets.xcassets in Resources */ = {isa = PBXBuildFile; fileRef = 8B577C412101DA3600355A95 /* Assets.xcassets */; };
		8B577C452101DA3600355A95 /* LaunchScreen.storyboard in Resources */ = {isa = PBXBuildFile; fileRef = 8B577C432101DA3600355A95 /* LaunchScreen.storyboard */; };
		8B577C482101DA3600355A95 /* main.m in Sources */ = {isa = PBXBuildFile; fileRef = 8B577C472101DA3600355A95 /* main.m */; };
		8B577C5C2101DAE900355A95 /* UINavigationItem+ColorfulWoodMargin.m in Sources */ = {isa = PBXBuildFile; fileRef = 8B577C4F2101DAE900355A95 /* UINavigationItem+ColorfulWoodMargin.m */; };
		8B577C5D2101DAE900355A95 /* UIImage+ColorfulWoodAddtional.m in Sources */ = {isa = PBXBuildFile; fileRef = 8B577C502101DAE900355A95 /* UIImage+ColorfulWoodAddtional.m */; };
		8B577C5E2101DAE900355A95 /* UIColor+Hex.m in Sources */ = {isa = PBXBuildFile; fileRef = 8B577C512101DAE900355A95 /* UIColor+Hex.m */; };
		8B577C5F2101DAE900355A95 /* UIViewController+ColorfulWoodAddtional.m in Sources */ = {isa = PBXBuildFile; fileRef = 8B577C522101DAE900355A95 /* UIViewController+ColorfulWoodAddtional.m */; };
		8B577C602101DAE900355A95 /* NSDictionary+BmobCheckResult.m in Sources */ = {isa = PBXBuildFile; fileRef = 8B577C542101DAE900355A95 /* NSDictionary+BmobCheckResult.m */; };
		8B577C612101DAE900355A95 /* NSString+ColorfulWoodRegex.m in Sources */ = {isa = PBXBuildFile; fileRef = 8B577C592101DAE900355A95 /* NSString+ColorfulWoodRegex.m */; };
		8B577C642101DBBE00355A95 /* NSString+ColorfulWoodSize.m in Sources */ = {isa = PBXBuildFile; fileRef = 8B577C632101DBBE00355A95 /* NSString+ColorfulWoodSize.m */; };
/* End PBXBuildFile section */

/* Begin PBXFileReference section */
		8B577C352101DA3000355A95 /* ColorfulWoodCategories.app */ = {isa = PBXFileReference; explicitFileType = wrapper.application; includeInIndex = 0; path = ColorfulWoodCategories.app; sourceTree = BUILT_PRODUCTS_DIR; };
		8B577C382101DA3000355A95 /* AppDelegate.h */ = {isa = PBXFileReference; lastKnownFileType = sourcecode.c.h; path = AppDelegate.h; sourceTree = "<group>"; };
		8B577C392101DA3000355A95 /* AppDelegate.m */ = {isa = PBXFileReference; lastKnownFileType = sourcecode.c.objc; path = AppDelegate.m; sourceTree = "<group>"; };
		8B577C3B2101DA3000355A95 /* ViewController.h */ = {isa = PBXFileReference; lastKnownFileType = sourcecode.c.h; path = ViewController.h; sourceTree = "<group>"; };
		8B577C3C2101DA3000355A95 /* ViewController.m */ = {isa = PBXFileReference; lastKnownFileType = sourcecode.c.objc; path = ViewController.m; sourceTree = "<group>"; };
		8B577C3F2101DA3000355A95 /* Base */ = {isa = PBXFileReference; lastKnownFileType = file.storyboard; name = Base; path = Base.lproj/Main.storyboard; sourceTree = "<group>"; };
		8B577C412101DA3600355A95 /* Assets.xcassets */ = {isa = PBXFileReference; lastKnownFileType = folder.assetcatalog; path = Assets.xcassets; sourceTree = "<group>"; };
		8B577C442101DA3600355A95 /* Base */ = {isa = PBXFileReference; lastKnownFileType = file.storyboard; name = Base; path = Base.lproj/LaunchScreen.storyboard; sourceTree = "<group>"; };
		8B577C462101DA3600355A95 /* Info.plist */ = {isa = PBXFileReference; lastKnownFileType = text.plist.xml; path = Info.plist; sourceTree = "<group>"; };
		8B577C472101DA3600355A95 /* main.m */ = {isa = PBXFileReference; lastKnownFileType = sourcecode.c.objc; path = main.m; sourceTree = "<group>"; };
		8B577C4F2101DAE900355A95 /* UINavigationItem+ColorfulWoodMargin.m */ = {isa = PBXFileReference; fileEncoding = 4; lastKnownFileType = sourcecode.c.objc; path = "UINavigationItem+ColorfulWoodMargin.m"; sourceTree = "<group>"; };
		8B577C502101DAE900355A95 /* UIImage+ColorfulWoodAddtional.m */ = {isa = PBXFileReference; fileEncoding = 4; lastKnownFileType = sourcecode.c.objc; path = "UIImage+ColorfulWoodAddtional.m"; sourceTree = "<group>"; };
		8B577C512101DAE900355A95 /* UIColor+Hex.m */ = {isa = PBXFileReference; fileEncoding = 4; lastKnownFileType = sourcecode.c.objc; path = "UIColor+Hex.m"; sourceTree = "<group>"; };
		8B577C522101DAE900355A95 /* UIViewController+ColorfulWoodAddtional.m */ = {isa = PBXFileReference; fileEncoding = 4; lastKnownFileType = sourcecode.c.objc; path = "UIViewController+ColorfulWoodAddtional.m"; sourceTree = "<group>"; };
		8B577C532101DAE900355A95 /* NSString+ColorfulWoodRegex.h */ = {isa = PBXFileReference; fileEncoding = 4; lastKnownFileType = sourcecode.c.h; path = "NSString+ColorfulWoodRegex.h"; sourceTree = "<group>"; };
		8B577C542101DAE900355A95 /* NSDictionary+BmobCheckResult.m */ = {isa = PBXFileReference; fileEncoding = 4; lastKnownFileType = sourcecode.c.objc; path = "NSDictionary+BmobCheckResult.m"; sourceTree = "<group>"; };
		8B577C552101DAE900355A95 /* UINavigationItem+ColorfulWoodMargin.h */ = {isa = PBXFileReference; fileEncoding = 4; lastKnownFileType = sourcecode.c.h; path = "UINavigationItem+ColorfulWoodMargin.h"; sourceTree = "<group>"; };
		8B577C562101DAE900355A95 /* UIColor+Hex.h */ = {isa = PBXFileReference; fileEncoding = 4; lastKnownFileType = sourcecode.c.h; path = "UIColor+Hex.h"; sourceTree = "<group>"; };
		8B577C572101DAE900355A95 /* UIImage+ColorfulWoodAddtional.h */ = {isa = PBXFileReference; fileEncoding = 4; lastKnownFileType = sourcecode.c.h; path = "UIImage+ColorfulWoodAddtional.h"; sourceTree = "<group>"; };
		8B577C582101DAE900355A95 /* ColorfulWoodCategories.h */ = {isa = PBXFileReference; fileEncoding = 4; lastKnownFileType = sourcecode.c.h; path = ColorfulWoodCategories.h; sourceTree = "<group>"; };
		8B577C592101DAE900355A95 /* NSString+ColorfulWoodRegex.m */ = {isa = PBXFileReference; fileEncoding = 4; lastKnownFileType = sourcecode.c.objc; path = "NSString+ColorfulWoodRegex.m"; sourceTree = "<group>"; };
		8B577C5A2101DAE900355A95 /* UIViewController+ColorfulWoodAddtional.h */ = {isa = PBXFileReference; fileEncoding = 4; lastKnownFileType = sourcecode.c.h; path = "UIViewController+ColorfulWoodAddtional.h"; sourceTree = "<group>"; };
		8B577C5B2101DAE900355A95 /* NSDictionary+BmobCheckResult.h */ = {isa = PBXFileReference; fileEncoding = 4; lastKnownFileType = sourcecode.c.h; path = "NSDictionary+BmobCheckResult.h"; sourceTree = "<group>"; };
		8B577C622101DBBE00355A95 /* NSString+ColorfulWoodSize.h */ = {isa = PBXFileReference; lastKnownFileType = sourcecode.c.h; path = "NSString+ColorfulWoodSize.h"; sourceTree = "<group>"; };
		8B577C632101DBBE00355A95 /* NSString+ColorfulWoodSize.m */ = {isa = PBXFileReference; lastKnownFileType = sourcecode.c.objc; path = "NSString+ColorfulWoodSize.m"; sourceTree = "<group>"; };
/* End PBXFileReference section */

/* Begin PBXFrameworksBuildPhase section */
		8B577C322101DA3000355A95 /* Frameworks */ = {
			isa = PBXFrameworksBuildPhase;
			buildActionMask = 2147483647;
			files = (
			);
			runOnlyForDeploymentPostprocessing = 0;
		};
/* End PBXFrameworksBuildPhase section */

/* Begin PBXGroup section */
		8B577C2C2101DA3000355A95 = {
			isa = PBXGroup;
			children = (
				8B577C372101DA3000355A95 /* ColorfulWoodCategories */,
				8B577C362101DA3000355A95 /* Products */,
			);
			sourceTree = "<group>";
		};
		8B577C362101DA3000355A95 /* Products */ = {
			isa = PBXGroup;
			children = (
				8B577C352101DA3000355A95 /* ColorfulWoodCategories.app */,
			);
			name = Products;
			sourceTree = "<group>";
		};
		8B577C372101DA3000355A95 /* ColorfulWoodCategories */ = {
			isa = PBXGroup;
			children = (
				8B577C4E2101DAE900355A95 /* CocoapodFiles */,
				8B577C382101DA3000355A95 /* AppDelegate.h */,
				8B577C392101DA3000355A95 /* AppDelegate.m */,
				8B577C3B2101DA3000355A95 /* ViewController.h */,
				8B577C3C2101DA3000355A95 /* ViewController.m */,
				8B577C3E2101DA3000355A95 /* Main.storyboard */,
				8B577C412101DA3600355A95 /* Assets.xcassets */,
				8B577C432101DA3600355A95 /* LaunchScreen.storyboard */,
				8B577C462101DA3600355A95 /* Info.plist */,
				8B577C472101DA3600355A95 /* main.m */,
			);
			path = ColorfulWoodCategories;
			sourceTree = "<group>";
		};
		8B577C4E2101DAE900355A95 /* CocoapodFiles */ = {
			isa = PBXGroup;
			children = (
				8B577C582101DAE900355A95 /* ColorfulWoodCategories.h */,
				8B577C562101DAE900355A95 /* UIColor+Hex.h */,
				8B577C512101DAE900355A95 /* UIColor+Hex.m */,
				8B577C532101DAE900355A95 /* NSString+ColorfulWoodRegex.h */,
				8B577C592101DAE900355A95 /* NSString+ColorfulWoodRegex.m */,
				8B577C5B2101DAE900355A95 /* NSDictionary+BmobCheckResult.h */,
				8B577C542101DAE900355A95 /* NSDictionary+BmobCheckResult.m */,
				8B577C572101DAE900355A95 /* UIImage+ColorfulWoodAddtional.h */,
				8B577C502101DAE900355A95 /* UIImage+ColorfulWoodAddtional.m */,
				8B577C552101DAE900355A95 /* UINavigationItem+ColorfulWoodMargin.h */,
				8B577C4F2101DAE900355A95 /* UINavigationItem+ColorfulWoodMargin.m */,
				8B577C5A2101DAE900355A95 /* UIViewController+ColorfulWoodAddtional.h */,
				8B577C522101DAE900355A95 /* UIViewController+ColorfulWoodAddtional.m */,
				8B577C622101DBBE00355A95 /* NSString+ColorfulWoodSize.h */,
				8B577C632101DBBE00355A95 /* NSString+ColorfulWoodSize.m */,
			);
			path = CocoapodFiles;
			sourceTree = "<group>";
		};
/* End PBXGroup section */

/* Begin PBXNativeTarget section */
		8B577C342101DA3000355A95 /* ColorfulWoodCategories */ = {
			isa = PBXNativeTarget;
			buildConfigurationList = 8B577C4B2101DA3600355A95 /* Build configuration list for PBXNativeTarget "ColorfulWoodCategories" */;
			buildPhases = (
				8B577C312101DA3000355A95 /* Sources */,
				8B577C322101DA3000355A95 /* Frameworks */,
				8B577C332101DA3000355A95 /* Resources */,
			);
			buildRules = (
			);
			dependencies = (
			);
			name = ColorfulWoodCategories;
			productName = ColorfulWoodCategories;
			productReference = 8B577C352101DA3000355A95 /* ColorfulWoodCategories.app */;
			productType = "com.apple.product-type.application";
		};
/* End PBXNativeTarget section */

/* Begin PBXProject section */
		8B577C2D2101DA3000355A95 /* Project object */ = {
			isa = PBXProject;
			attributes = {
				LastUpgradeCheck = 0940;
				ORGANIZATIONNAME = ColorfulWood;
				TargetAttributes = {
					8B577C342101DA3000355A95 = {
						CreatedOnToolsVersion = 9.4.1;
					};
				};
			};
			buildConfigurationList = 8B577C302101DA3000355A95 /* Build configuration list for PBXProject "ColorfulWoodCategories" */;
			compatibilityVersion = "Xcode 9.3";
			developmentRegion = en;
			hasScannedForEncodings = 0;
			knownRegions = (
				en,
				Base,
			);
			mainGroup = 8B577C2C2101DA3000355A95;
			productRefGroup = 8B577C362101DA3000355A95 /* Products */;
			projectDirPath = "";
			projectRoot = "";
			targets = (
				8B577C342101DA3000355A95 /* ColorfulWoodCategories */,
			);
		};
/* End PBXProject section */

/* Begin PBXResourcesBuildPhase section */
		8B577C332101DA3000355A95 /* Resources */ = {
			isa = PBXResourcesBuildPhase;
			buildActionMask = 2147483647;
			files = (
				8B577C452101DA3600355A95 /* LaunchScreen.storyboard in Resources */,
				8B577C422101DA3600355A95 /* Assets.xcassets in Resources */,
				8B577C402101DA3000355A95 /* Main.storyboard in Resources */,
			);
			runOnlyForDeploymentPostprocessing = 0;
		};
/* End PBXResourcesBuildPhase section */

/* Begin PBXSourcesBuildPhase section */
		8B577C312101DA3000355A95 /* Sources */ = {
			isa = PBXSourcesBuildPhase;
			buildActionMask = 2147483647;
			files = (
				8B577C602101DAE900355A95 /* NSDictionary+BmobCheckResult.m in Sources */,
				8B577C5F2101DAE900355A95 /* UIViewController+ColorfulWoodAddtional.m in Sources */,
				8B577C3D2101DA3000355A95 /* ViewController.m in Sources */,
				8B577C5E2101DAE900355A95 /* UIColor+Hex.m in Sources */,
				8B577C5C2101DAE900355A95 /* UINavigationItem+ColorfulWoodMargin.m in Sources */,
				8B577C5D2101DAE900355A95 /* UIImage+ColorfulWoodAddtional.m in Sources */,
				8B577C482101DA3600355A95 /* main.m in Sources */,
				8B577C642101DBBE00355A95 /* NSString+ColorfulWoodSize.m in Sources */,
				8B577C612101DAE900355A95 /* NSString+ColorfulWoodRegex.m in Sources */,
				8B577C3A2101DA3000355A95 /* AppDelegate.m in Sources */,
			);
			runOnlyForDeploymentPostprocessing = 0;
		};
/* End PBXSourcesBuildPhase section */

/* Begin PBXVariantGroup section */
		8B577C3E2101DA3000355A95 /* Main.storyboard */ = {
			isa = PBXVariantGroup;
			children = (
				8B577C3F2101DA3000355A95 /* Base */,
			);
			name = Main.storyboard;
			sourceTree = "<group>";
		};
		8B577C432101DA3600355A95 /* LaunchScreen.storyboard */ = {
			isa = PBXVariantGroup;
			children = (
				8B577C442101DA3600355A95 /* Base */,
			);
			name = LaunchScreen.storyboard;
			sourceTree = "<group>";
		};
/* End PBXVariantGroup section */

/* Begin XCBuildConfiguration section */
		8B577C492101DA3600355A95 /* Debug */ = {
			isa = XCBuildConfiguration;
			buildSettings = {
				ALWAYS_SEARCH_USER_PATHS = NO;
				CLANG_ANALYZER_NONNULL = YES;
				CLANG_ANALYZER_NUMBER_OBJECT_CONVERSION = YES_AGGRESSIVE;
				CLANG_CXX_LANGUAGE_STANDARD = "gnu++14";
				CLANG_CXX_LIBRARY = "libc++";
				CLANG_ENABLE_MODULES = YES;
				CLANG_ENABLE_OBJC_ARC = YES;
				CLANG_ENABLE_OBJC_WEAK = YES;
				CLANG_WARN_BLOCK_CAPTURE_AUTORELEASING = YES;
				CLANG_WARN_BOOL_CONVERSION = YES;
				CLANG_WARN_COMMA = YES;
				CLANG_WARN_CONSTANT_CONVERSION = YES;
				CLANG_WARN_DEPRECATED_OBJC_IMPLEMENTATIONS = YES;
				CLANG_WARN_DIRECT_OBJC_ISA_USAGE = YES_ERROR;
				CLANG_WARN_DOCUMENTATION_COMMENTS = YES;
				CLANG_WARN_EMPTY_BODY = YES;
				CLANG_WARN_ENUM_CONVERSION = YES;
				CLANG_WARN_INFINITE_RECURSION = YES;
				CLANG_WARN_INT_CONVERSION = YES;
				CLANG_WARN_NON_LITERAL_NULL_CONVERSION = YES;
				CLANG_WARN_OBJC_IMPLICIT_RETAIN_SELF = YES;
				CLANG_WARN_OBJC_LITERAL_CONVERSION = YES;
				CLANG_WARN_OBJC_ROOT_CLASS = YES_ERROR;
				CLANG_WARN_RANGE_LOOP_ANALYSIS = YES;
				CLANG_WARN_STRICT_PROTOTYPES = YES;
				CLANG_WARN_SUSPICIOUS_MOVE = YES;
				CLANG_WARN_UNGUARDED_AVAILABILITY = YES_AGGRESSIVE;
				CLANG_WARN_UNREACHABLE_CODE = YES;
				CLANG_WARN__DUPLICATE_METHOD_MATCH = YES;
				CODE_SIGN_IDENTITY = "iPhone Developer";
				COPY_PHASE_STRIP = NO;
				DEBUG_INFORMATION_FORMAT = dwarf;
				ENABLE_STRICT_OBJC_MSGSEND = YES;
				ENABLE_TESTABILITY = YES;
				GCC_C_LANGUAGE_STANDARD = gnu11;
				GCC_DYNAMIC_NO_PIC = NO;
				GCC_NO_COMMON_BLOCKS = YES;
				GCC_OPTIMIZATION_LEVEL = 0;
				GCC_PREPROCESSOR_DEFINITIONS = (
					"DEBUG=1",
					"$(inherited)",
				);
				GCC_WARN_64_TO_32_BIT_CONVERSION = YES;
				GCC_WARN_ABOUT_RETURN_TYPE = YES_ERROR;
				GCC_WARN_UNDECLARED_SELECTOR = YES;
				GCC_WARN_UNINITIALIZED_AUTOS = YES_AGGRESSIVE;
				GCC_WARN_UNUSED_FUNCTION = YES;
				GCC_WARN_UNUSED_VARIABLE = YES;
				IPHONEOS_DEPLOYMENT_TARGET = 11.4;
				MTL_ENABLE_DEBUG_INFO = YES;
				ONLY_ACTIVE_ARCH = YES;
				SDKROOT = iphoneos;
			};
			name = Debug;
		};
		8B577C4A2101DA3600355A95 /* Release */ = {
			isa = XCBuildConfiguration;
			buildSettings = {
				ALWAYS_SEARCH_USER_PATHS = NO;
				CLANG_ANALYZER_NONNULL = YES;
				CLANG_ANALYZER_NUMBER_OBJECT_CONVERSION = YES_AGGRESSIVE;
				CLANG_CXX_LANGUAGE_STANDARD = "gnu++14";
				CLANG_CXX_LIBRARY = "libc++";
				CLANG_ENABLE_MODULES = YES;
				CLANG_ENABLE_OBJC_ARC = YES;
				CLANG_ENABLE_OBJC_WEAK = YES;
				CLANG_WARN_BLOCK_CAPTURE_AUTORELEASING = YES;
				CLANG_WARN_BOOL_CONVERSION = YES;
				CLANG_WARN_COMMA = YES;
				CLANG_WARN_CONSTANT_CONVERSION = YES;
				CLANG_WARN_DEPRECATED_OBJC_IMPLEMENTATIONS = YES;
				CLANG_WARN_DIRECT_OBJC_ISA_USAGE = YES_ERROR;
				CLANG_WARN_DOCUMENTATION_COMMENTS = YES;
				CLANG_WARN_EMPTY_BODY = YES;
				CLANG_WARN_ENUM_CONVERSION = YES;
				CLANG_WARN_INFINITE_RECURSION = YES;
				CLANG_WARN_INT_CONVERSION = YES;
				CLANG_WARN_NON_LITERAL_NULL_CONVERSION = YES;
				CLANG_WARN_OBJC_IMPLICIT_RETAIN_SELF = YES;
				CLANG_WARN_OBJC_LITERAL_CONVERSION = YES;
				CLANG_WARN_OBJC_ROOT_CLASS = YES_ERROR;
				CLANG_WARN_RANGE_LOOP_ANALYSIS = YES;
				CLANG_WARN_STRICT_PROTOTYPES = YES;
				CLANG_WARN_SUSPICIOUS_MOVE = YES;
				CLANG_WARN_UNGUARDED_AVAILABILITY = YES_AGGRESSIVE;
				CLANG_WARN_UNREACHABLE_CODE = YES;
				CLANG_WARN__DUPLICATE_METHOD_MATCH = YES;
				CODE_SIGN_IDENTITY = "iPhone Developer";
				COPY_PHASE_STRIP = NO;
				DEBUG_INFORMATION_FORMAT = "dwarf-with-dsym";
				ENABLE_NS_ASSERTIONS = NO;
				ENABLE_STRICT_OBJC_MSGSEND = YES;
				GCC_C_LANGUAGE_STANDARD = gnu11;
				GCC_NO_COMMON_BLOCKS = YES;
				GCC_WARN_64_TO_32_BIT_CONVERSION = YES;
				GCC_WARN_ABOUT_RETURN_TYPE = YES_ERROR;
				GCC_WARN_UNDECLARED_SELECTOR = YES;
				GCC_WARN_UNINITIALIZED_AUTOS = YES_AGGRESSIVE;
				GCC_WARN_UNUSED_FUNCTION = YES;
				GCC_WARN_UNUSED_VARIABLE = YES;
				IPHONEOS_DEPLOYMENT_TARGET = 11.4;
				MTL_ENABLE_DEBUG_INFO = NO;
				SDKROOT = iphoneos;
				VALIDATE_PRODUCT = YES;
			};
			name = Release;
		};
		8B577C4C2101DA3600355A95 /* Debug */ = {
			isa = XCBuildConfiguration;
			buildSettings = {
				ASSETCATALOG_COMPILER_APPICON_NAME = AppIcon;
				CODE_SIGN_STYLE = Automatic;
				DEVELOPMENT_TEAM = 8SN9TJYA97;
				INFOPLIST_FILE = ColorfulWoodCategories/Info.plist;
				LD_RUNPATH_SEARCH_PATHS = (
					"$(inherited)",
					"@executable_path/Frameworks",
				);
				PRODUCT_BUNDLE_IDENTIFIER = com.wood.ColorfulWoodCategories;
				PRODUCT_NAME = "$(TARGET_NAME)";
				TARGETED_DEVICE_FAMILY = "1,2";
			};
			name = Debug;
		};
		8B577C4D2101DA3600355A95 /* Release */ = {
			isa = XCBuildConfiguration;
			buildSettings = {
				ASSETCATALOG_COMPILER_APPICON_NAME = AppIcon;
				CODE_SIGN_STYLE = Automatic;
				DEVELOPMENT_TEAM = 8SN9TJYA97;
				INFOPLIST_FILE = ColorfulWoodCategories/Info.plist;
				LD_RUNPATH_SEARCH_PATHS = (
					"$(inherited)",
					"@executable_path/Frameworks",
				);
				PRODUCT_BUNDLE_IDENTIFIER = com.wood.ColorfulWoodCategories;
				PRODUCT_NAME = "$(TARGET_NAME)";
				TARGETED_DEVICE_FAMILY = "1,2";
			};
			name = Release;
		};
/* End XCBuildConfiguration section */

/* Begin XCConfigurationList section */
		8B577C302101DA3000355A95 /* Build configuration list for PBXProject "ColorfulWoodCategories" */ = {
			isa = XCConfigurationList;
			buildConfigurations = (
				8B577C492101DA3600355A95 /* Debug */,
				8B577C4A2101DA3600355A95 /* Release */,
			);
			defaultConfigurationIsVisible = 0;
			defaultConfigurationName = Release;
		};
		8B577C4B2101DA3600355A95 /* Build configuration list for PBXNativeTarget "ColorfulWoodCategories" */ = {
			isa = XCConfigurationList;
			buildConfigurations = (
				8B577C4C2101DA3600355A95 /* Debug */,
				8B577C4D2101DA3600355A95 /* Release */,
			);
			defaultConfigurationIsVisible = 0;
			defaultConfigurationName = Release;
		};
/* End XCConfigurationList section */
	};
	rootObject = 8B577C2D2101DA3000355A95 /* Project object */;
}
